{
    "_meta": {
        "hash": {
            "sha256": "4b7098a8e2a2807d284471f9a5f7bea8f30fffa7be0de196beb9bfbf6f3ad54d"
        },
        "pipfile-spec": 6,
        "requires": {
            "python_version": "3.6"
        },
        "sources": [
            {
                "name": "pypi",
                "url": "https://pypi.python.org/simple",
                "verify_ssl": true
            }
        ]
    },
    "default": {
        "certifi": {
            "hashes": [
                "sha256:e4f3620cfea4f83eedc95b24abd9cd56f3c4b146dd0177e83a21b4eb49e21e50",
                "sha256:fd7c7c74727ddcf00e9acd26bba8da604ffec95bf1c2144e67aff7a8b50e6cef"
            ],
            "version": "==2019.9.11"
        },
        "chardet": {
            "hashes": [
                "sha256:84ab92ed1c4d4f16916e05906b6b75a6c0fb5db821cc65e70cbd64a3e2a5eaae",
                "sha256:fc323ffcaeaed0e0a02bf4d117757b98aed530d9ed4531e3e15460124c106691"
            ],
            "version": "==3.0.4"
        },
        "idna": {
            "hashes": [
                "sha256:156a6814fb5ac1fc6850fb002e0852d56c0c8d2531923a51032d1b70760e186e",
                "sha256:684a38a6f903c1d71d6d5fac066b58d7768af4de2b832e426ec79c30daa94a16"
            ],
            "version": "==2.7"
        },
        "lxml": {
            "hashes": [
                "sha256:188d07d7c21b13be43e45b955e0a9f49bb9aaa1982ff3d25f7e6ed7af7cb845c",
                "sha256:260a7ab24a27f264b99d7eedd4d12e2cd1fdacbbbc7a4506bf1a8405ea2c8b51",
                "sha256:343993c62bb395ab04026f35c7d459719e33016ecf9256fadbd3b1751a0b7b0a",
                "sha256:46b4db3ad2473080621f554c629c62150080b5112f8ddbabdab58ad8e4bb5ed1",
                "sha256:52766500c74c08a9fa6838163b89914a3274d7617f8cc420793fb6ea870cb558",
                "sha256:59d9176360dbc3919e9d4bfca85c1ca64ab4f4ee00e6f119d7150ba887e3410a",
                "sha256:9107bb0d12a940d0ccb50240ceef8701ac717102acc564d7cf7242ab810251ec",
                "sha256:96724831b1657499521ec0340460f2c853808ea86171af688818a1972c463aad",
                "sha256:cb013b5a5f58b58068be0203d2b7136d8464d7e9b3db01d54f8884d3c4097149",
                "sha256:f302a725802b56c173bbef29131cc753413e47749fcf96d7a4bde4e6ffd25dee",
                "sha256:fb99af148e7507e0cde11ea5c064062d960e581d3530c50e0936d6743da8bb2c"
            ],
            "index": "pypi",
            "version": "==3.7.2"
        },
        "requests": {
            "hashes": [
                "sha256:99dcfdaaeb17caf6e526f32b6a7b780461512ab3f1d992187801694cba42770c",
                "sha256:a84b8c9ab6239b578f22d1c21d51b696dcfe004032bb80ea832398d6909d7279"
            ],
            "index": "pypi",
            "version": "==2.20.0"
        },
        "urllib3": {
            "hashes": [
                "sha256:2393a695cd12afedd0dcb26fe5d50d0cf248e5a66f75dbd89a3d4eb333a61af4",
                "sha256:a637e5fae88995b256e3409dc4d52c2e2e0ba32c42a6365fee8bbd2238de3cfb"
            ],
            "version": "==1.24.3"
        }
    },
    "develop": {}
}
